
Microsoft Visual Studio Solution File, Format Version 12.00
# Visual Studio Version 17
VisualStudioVersion = 17.7.34024.191
MinimumVisualStudioVersion = 10.0.40219.1
Project("{FAE04EC0-301F-11D3-BF4B-00C04F79EFBC}") = "DATC_Core", "DATC_Core\DATC_Core.csproj", "{9AC3336D-3692-4674-84D8-C4F0A3D49284}"
EndProject
Global
	GlobalSection(SolutionConfigurationPlatforms) = preSolution
		Debug|Any CPU = Debug|Any CPU
		Release|Any CPU = Release|Any CPU
	EndGlobalSection
	GlobalSection(ProjectConfigurationPlatforms) = postSolution
		{9AC3336D-3692-4674-84D8-C4F0A3D49284}.Debug|Any CPU.ActiveCfg = Debug|Any CPU
		{9AC3336D-3692-4674-84D8-C4F0A3D49284}.Debug|Any CPU.Build.0 = Debug|Any CPU
		{9AC3336D-3692-4674-84D8-C4F0A3D49284}.Release|Any CPU.ActiveCfg = Release|Any CPU
		{9AC3336D-3692-4674-84D8-C4F0A3D49284}.Release|Any CPU.Build.0 = Release|Any CPU
	EndGlobalSection
	GlobalSection(SolutionProperties) = preSolution
		HideSolutionNode = FALSE
	EndGlobalSection
	GlobalSection(ExtensibilityGlobals) = postSolution
		SolutionGuid = {A0C7ABA9-90DD-4756-BA58-157C819D6985}
	EndGlobalSection
EndGlobal
